// !$*UTF8*$!
{
	archiveVersion = 1;
	classes = {
	};
	objectVersion = 55;
	objects = {

/* Begin PBXBuildFile section */
		350DB8ED28FEFBFE007977F9 /* GoogleService-Info.plist in Resources */ = {isa = PBXBuildFile; fileRef = 350DB8EC28FEFBFE007977F9 /* GoogleService-Info.plist */; };
		354B698B28FCA38800C84CF1 /* LoginViewController.swift in Sources */ = {isa = PBXBuildFile; fileRef = 354B698A28FCA38800C84CF1 /* LoginViewController.swift */; };
		354B698D28FCA3FA00C84CF1 /* RegistrationViewController.swift in Sources */ = {isa = PBXBuildFile; fileRef = 354B698C28FCA3FA00C84CF1 /* RegistrationViewController.swift */; };
		354B698F28FCAA9400C84CF1 /* Utilities.swift in Sources */ = {isa = PBXBuildFile; fileRef = 354B698E28FCAA9400C84CF1 /* Utilities.swift */; };
		3561EBF728FF006900A132F6 /* FirebaseAuth in Frameworks */ = {isa = PBXBuildFile; productRef = 3561EBF628FF006900A132F6 /* FirebaseAuth */; };
		3561EBF928FF006900A132F6 /* FirebaseDatabase in Frameworks */ = {isa = PBXBuildFile; productRef = 3561EBF828FF006900A132F6 /* FirebaseDatabase */; };
		3561EBFB28FF006900A132F6 /* FirebaseFirestore in Frameworks */ = {isa = PBXBuildFile; productRef = 3561EBFA28FF006900A132F6 /* FirebaseFirestore */; };
		3561EBFD28FF006900A132F6 /* FirebaseStorage in Frameworks */ = {isa = PBXBuildFile; productRef = 3561EBFC28FF006900A132F6 /* FirebaseStorage */; };
		3561EBFF28FF006900A132F6 /* FirebaseStorageSwift-Beta in Frameworks */ = {isa = PBXBuildFile; productRef = 3561EBFE28FF006900A132F6 /* FirebaseStorageSwift-Beta */; };
		3561EC0128FF091E00A132F6 /* Constants.swift in Sources */ = {isa = PBXBuildFile; fileRef = 3561EC0028FF091E00A132F6 /* Constants.swift */; };
		357880A02901E4BE0063D5D8 /* UserService.swift in Sources */ = {isa = PBXBuildFile; fileRef = 3578809F2901E4BE0063D5D8 /* UserService.swift */; };
		357880A22901E8D00063D5D8 /* UserModel.swift in Sources */ = {isa = PBXBuildFile; fileRef = 357880A12901E8D00063D5D8 /* UserModel.swift */; };
		357880A52901EC6A0063D5D8 /* SDWebImage in Frameworks */ = {isa = PBXBuildFile; productRef = 357880A42901EC6A0063D5D8 /* SDWebImage */; };
		357880A72901F6480063D5D8 /* UploadTweetContoller.swift in Sources */ = {isa = PBXBuildFile; fileRef = 357880A62901F6470063D5D8 /* UploadTweetContoller.swift */; };
		357880A92901FF950063D5D8 /* CaptionTextView.swift in Sources */ = {isa = PBXBuildFile; fileRef = 357880A82901FF950063D5D8 /* CaptionTextView.swift */; };
		357880AB290203590063D5D8 /* TweetService.swift in Sources */ = {isa = PBXBuildFile; fileRef = 357880AA290203590063D5D8 /* TweetService.swift */; };
		35874EDC28F9EEDE00196FDB /* AppDelegate.swift in Sources */ = {isa = PBXBuildFile; fileRef = 35874EDB28F9EEDE00196FDB /* AppDelegate.swift */; };
		35874EDE28F9EEDE00196FDB /* SceneDelegate.swift in Sources */ = {isa = PBXBuildFile; fileRef = 35874EDD28F9EEDE00196FDB /* SceneDelegate.swift */; };
		35874EE328F9EEDE00196FDB /* Main.storyboard in Resources */ = {isa = PBXBuildFile; fileRef = 35874EE128F9EEDE00196FDB /* Main.storyboard */; };
		35874EE528F9EEE200196FDB /* Assets.xcassets in Resources */ = {isa = PBXBuildFile; fileRef = 35874EE428F9EEE200196FDB /* Assets.xcassets */; };
		35874EE828F9EEE200196FDB /* LaunchScreen.storyboard in Resources */ = {isa = PBXBuildFile; fileRef = 35874EE628F9EEE200196FDB /* LaunchScreen.storyboard */; };
		35874EF628F9F02B00196FDB /* MainTabController.swift in Sources */ = {isa = PBXBuildFile; fileRef = 35874EF528F9F02B00196FDB /* MainTabController.swift */; };
		35874EF828F9F14400196FDB /* FeedController.swift in Sources */ = {isa = PBXBuildFile; fileRef = 35874EF728F9F14400196FDB /* FeedController.swift */; };
		35874EFA28F9F17A00196FDB /* ExploreController.swift in Sources */ = {isa = PBXBuildFile; fileRef = 35874EF928F9F17A00196FDB /* ExploreController.swift */; };
		35874EFC28F9F18800196FDB /* NotificationsController.swift in Sources */ = {isa = PBXBuildFile; fileRef = 35874EFB28F9F18800196FDB /* NotificationsController.swift */; };
		35874EFE28F9F19300196FDB /* MessagingController.swift in Sources */ = {isa = PBXBuildFile; fileRef = 35874EFD28F9F19300196FDB /* MessagingController.swift */; };
		35874F0028F9FAB400196FDB /* Extensions.swift in Sources */ = {isa = PBXBuildFile; fileRef = 35874EFF28F9FAB400196FDB /* Extensions.swift */; };
		35DEBD052900583800F47613 /* AuthService.swift in Sources */ = {isa = PBXBuildFile; fileRef = 35DEBD042900583800F47613 /* AuthService.swift */; };
/* End PBXBuildFile section */

/* Begin PBXFileReference section */
		350DB8EC28FEFBFE007977F9 /* GoogleService-Info.plist */ = {isa = PBXFileReference; lastKnownFileType = text.plist; path = "GoogleService-Info.plist"; sourceTree = SOURCE_ROOT; };
		354B698A28FCA38800C84CF1 /* LoginViewController.swift */ = {isa = PBXFileReference; lastKnownFileType = sourcecode.swift; path = LoginViewController.swift; sourceTree = "<group>"; };
		354B698C28FCA3FA00C84CF1 /* RegistrationViewController.swift */ = {isa = PBXFileReference; lastKnownFileType = sourcecode.swift; path = RegistrationViewController.swift; sourceTree = "<group>"; };
		354B698E28FCAA9400C84CF1 /* Utilities.swift */ = {isa = PBXFileReference; lastKnownFileType = sourcecode.swift; path = Utilities.swift; sourceTree = "<group>"; };
		3561EC0028FF091E00A132F6 /* Constants.swift */ = {isa = PBXFileReference; lastKnownFileType = sourcecode.swift; path = Constants.swift; sourceTree = "<group>"; };
		3578809F2901E4BE0063D5D8 /* UserService.swift */ = {isa = PBXFileReference; lastKnownFileType = sourcecode.swift; path = UserService.swift; sourceTree = "<group>"; };
		357880A12901E8D00063D5D8 /* UserModel.swift */ = {isa = PBXFileReference; lastKnownFileType = sourcecode.swift; path = UserModel.swift; sourceTree = "<group>"; };
		357880A62901F6470063D5D8 /* UploadTweetContoller.swift */ = {isa = PBXFileReference; lastKnownFileType = sourcecode.swift; path = UploadTweetContoller.swift; sourceTree = "<group>"; };
		357880A82901FF950063D5D8 /* CaptionTextView.swift */ = {isa = PBXFileReference; lastKnownFileType = sourcecode.swift; path = CaptionTextView.swift; sourceTree = "<group>"; };
		357880AA290203590063D5D8 /* TweetService.swift */ = {isa = PBXFileReference; lastKnownFileType = sourcecode.swift; path = TweetService.swift; sourceTree = "<group>"; };
		35874ED828F9EEDE00196FDB /* TwitterClone UIKit.app */ = {isa = PBXFileReference; explicitFileType = wrapper.application; includeInIndex = 0; path = "TwitterClone UIKit.app"; sourceTree = BUILT_PRODUCTS_DIR; };
		35874EDB28F9EEDE00196FDB /* AppDelegate.swift */ = {isa = PBXFileReference; lastKnownFileType = sourcecode.swift; path = AppDelegate.swift; sourceTree = "<group>"; };
		35874EDD28F9EEDE00196FDB /* SceneDelegate.swift */ = {isa = PBXFileReference; lastKnownFileType = sourcecode.swift; path = SceneDelegate.swift; sourceTree = "<group>"; };
		35874EE228F9EEDE00196FDB /* Base */ = {isa = PBXFileReference; lastKnownFileType = file.storyboard; name = Base; path = Base.lproj/Main.storyboard; sourceTree = "<group>"; };
		35874EE428F9EEE200196FDB /* Assets.xcassets */ = {isa = PBXFileReference; lastKnownFileType = folder.assetcatalog; path = Assets.xcassets; sourceTree = "<group>"; };
		35874EE728F9EEE200196FDB /* Base */ = {isa = PBXFileReference; lastKnownFileType = file.storyboard; name = Base; path = Base.lproj/LaunchScreen.storyboard; sourceTree = "<group>"; };
		35874EE928F9EEE200196FDB /* Info.plist */ = {isa = PBXFileReference; lastKnownFileType = text.plist.xml; path = Info.plist; sourceTree = "<group>"; };
		35874EF528F9F02B00196FDB /* MainTabController.swift */ = {isa = PBXFileReference; lastKnownFileType = sourcecode.swift; path = MainTabController.swift; sourceTree = "<group>"; };
		35874EF728F9F14400196FDB /* FeedController.swift */ = {isa = PBXFileReference; lastKnownFileType = sourcecode.swift; path = FeedController.swift; sourceTree = "<group>"; };
		35874EF928F9F17A00196FDB /* ExploreController.swift */ = {isa = PBXFileReference; lastKnownFileType = sourcecode.swift; path = ExploreController.swift; sourceTree = "<group>"; };
		35874EFB28F9F18800196FDB /* NotificationsController.swift */ = {isa = PBXFileReference; lastKnownFileType = sourcecode.swift; path = NotificationsController.swift; sourceTree = "<group>"; };
		35874EFD28F9F19300196FDB /* MessagingController.swift */ = {isa = PBXFileReference; lastKnownFileType = sourcecode.swift; path = MessagingController.swift; sourceTree = "<group>"; };
		35874EFF28F9FAB400196FDB /* Extensions.swift */ = {isa = PBXFileReference; lastKnownFileType = sourcecode.swift; path = Extensions.swift; sourceTree = "<group>"; };
		35DEBD042900583800F47613 /* AuthService.swift */ = {isa = PBXFileReference; lastKnownFileType = sourcecode.swift; path = AuthService.swift; sourceTree = "<group>"; };
/* End PBXFileReference section */

/* Begin PBXFrameworksBuildPhase section */
		35874ED528F9EEDE00196FDB /* Frameworks */ = {
			isa = PBXFrameworksBuildPhase;
			buildActionMask = 2147483647;
			files = (
				357880A52901EC6A0063D5D8 /* SDWebImage in Frameworks */,
				3561EBFF28FF006900A132F6 /* FirebaseStorageSwift-Beta in Frameworks */,
				3561EBF928FF006900A132F6 /* FirebaseDatabase in Frameworks */,
				3561EBFD28FF006900A132F6 /* FirebaseStorage in Frameworks */,
				3561EBF728FF006900A132F6 /* FirebaseAuth in Frameworks */,
				3561EBFB28FF006900A132F6 /* FirebaseFirestore in Frameworks */,
			);
			runOnlyForDeploymentPostprocessing = 0;
		};
/* End PBXFrameworksBuildPhase section */

/* Begin PBXGroup section */
		354B698928FCA37300C84CF1 /* Authentication */ = {
			isa = PBXGroup;
			children = (
				354B698A28FCA38800C84CF1 /* LoginViewController.swift */,
				354B698C28FCA3FA00C84CF1 /* RegistrationViewController.swift */,
			);
			path = Authentication;
			sourceTree = "<group>";
		};
		35874ECF28F9EEDE00196FDB = {
			isa = PBXGroup;
			children = (
				35874EDA28F9EEDE00196FDB /* TwitterClone UIKit */,
				35874ED928F9EEDE00196FDB /* Products */,
			);
			sourceTree = "<group>";
		};
		35874ED928F9EEDE00196FDB /* Products */ = {
			isa = PBXGroup;
			children = (
				35874ED828F9EEDE00196FDB /* TwitterClone UIKit.app */,
			);
			name = Products;
			sourceTree = "<group>";
		};
		35874EDA28F9EEDE00196FDB /* TwitterClone UIKit */ = {
			isa = PBXGroup;
			children = (
				35874EF428F9EF5300196FDB /* Model */,
				35874EF328F9EF5100196FDB /* View */,
				35874EF228F9EF4F00196FDB /* ViewModels */,
				35874EF128F9EF4C00196FDB /* Controller */,
				35874EF028F9EF4900196FDB /* API */,
				35874EEF28F9EF3D00196FDB /* Utils */,
				35874EDB28F9EEDE00196FDB /* AppDelegate.swift */,
				35874EDD28F9EEDE00196FDB /* SceneDelegate.swift */,
				35874EE128F9EEDE00196FDB /* Main.storyboard */,
				35874EE428F9EEE200196FDB /* Assets.xcassets */,
				35874EE628F9EEE200196FDB /* LaunchScreen.storyboard */,
				350DB8EC28FEFBFE007977F9 /* GoogleService-Info.plist */,
				35874EE928F9EEE200196FDB /* Info.plist */,
			);
			path = "TwitterClone UIKit";
			sourceTree = "<group>";
		};
		35874EEF28F9EF3D00196FDB /* Utils */ = {
			isa = PBXGroup;
			children = (
				35874EFF28F9FAB400196FDB /* Extensions.swift */,
				354B698E28FCAA9400C84CF1 /* Utilities.swift */,
				3561EC0028FF091E00A132F6 /* Constants.swift */,
			);
			path = Utils;
			sourceTree = "<group>";
		};
		35874EF028F9EF4900196FDB /* API */ = {
			isa = PBXGroup;
			children = (
				35DEBD042900583800F47613 /* AuthService.swift */,
				3578809F2901E4BE0063D5D8 /* UserService.swift */,
				357880AA290203590063D5D8 /* TweetService.swift */,
			);
			path = API;
			sourceTree = "<group>";
		};
		35874EF128F9EF4C00196FDB /* Controller */ = {
			isa = PBXGroup;
			children = (
				354B698928FCA37300C84CF1 /* Authentication */,
				35874EF528F9F02B00196FDB /* MainTabController.swift */,
				35874EF728F9F14400196FDB /* FeedController.swift */,
				35874EF928F9F17A00196FDB /* ExploreController.swift */,
				35874EFB28F9F18800196FDB /* NotificationsController.swift */,
				35874EFD28F9F19300196FDB /* MessagingController.swift */,
				357880A62901F6470063D5D8 /* UploadTweetContoller.swift */,
			);
			path = Controller;
			sourceTree = "<group>";
		};
		35874EF228F9EF4F00196FDB /* ViewModels */ = {
			isa = PBXGroup;
			children = (
			);
			path = ViewModels;
			sourceTree = "<group>";
		};
		35874EF328F9EF5100196FDB /* View */ = {
			isa = PBXGroup;
			children = (
				357880A82901FF950063D5D8 /* CaptionTextView.swift */,
			);
			path = View;
			sourceTree = "<group>";
		};
		35874EF428F9EF5300196FDB /* Model */ = {
			isa = PBXGroup;
			children = (
				357880A12901E8D00063D5D8 /* UserModel.swift */,
			);
			path = Model;
			sourceTree = "<group>";
		};
/* End PBXGroup section */

/* Begin PBXNativeTarget section */
		35874ED728F9EEDE00196FDB /* TwitterClone UIKit */ = {
			isa = PBXNativeTarget;
			buildConfigurationList = 35874EEC28F9EEE200196FDB /* Build configuration list for PBXNativeTarget "TwitterClone UIKit" */;
			buildPhases = (
				35874ED428F9EEDE00196FDB /* Sources */,
				35874ED528F9EEDE00196FDB /* Frameworks */,
				35874ED628F9EEDE00196FDB /* Resources */,
			);
			buildRules = (
			);
			dependencies = (
			);
			name = "TwitterClone UIKit";
			packageProductDependencies = (
				3561EBF628FF006900A132F6 /* FirebaseAuth */,
				3561EBF828FF006900A132F6 /* FirebaseDatabase */,
				3561EBFA28FF006900A132F6 /* FirebaseFirestore */,
				3561EBFC28FF006900A132F6 /* FirebaseStorage */,
				3561EBFE28FF006900A132F6 /* FirebaseStorageSwift-Beta */,
				357880A42901EC6A0063D5D8 /* SDWebImage */,
			);
			productName = "TwitterClone UIKit";
			productReference = 35874ED828F9EEDE00196FDB /* TwitterClone UIKit.app */;
			productType = "com.apple.product-type.application";
		};
/* End PBXNativeTarget section */

/* Begin PBXProject section */
		35874ED028F9EEDE00196FDB /* Project object */ = {
			isa = PBXProject;
			attributes = {
				BuildIndependentTargetsInParallel = 1;
				LastSwiftUpdateCheck = 1310;
				LastUpgradeCheck = 1310;
				TargetAttributes = {
					35874ED728F9EEDE00196FDB = {
						CreatedOnToolsVersion = 13.1;
					};
				};
			};
			buildConfigurationList = 35874ED328F9EEDE00196FDB /* Build configuration list for PBXProject "TwitterClone UIKit" */;
			compatibilityVersion = "Xcode 13.0";
			developmentRegion = en;
			hasScannedForEncodings = 0;
			knownRegions = (
				en,
				Base,
			);
			mainGroup = 35874ECF28F9EEDE00196FDB;
			packageReferences = (
				3561EBF528FF006900A132F6 /* XCRemoteSwiftPackageReference "firebase-ios-sdk" */,
				357880A32901EC690063D5D8 /* XCRemoteSwiftPackageReference "SDWebImage" */,
			);
			productRefGroup = 35874ED928F9EEDE00196FDB /* Products */;
			projectDirPath = "";
			projectRoot = "";
			targets = (
				35874ED728F9EEDE00196FDB /* TwitterClone UIKit */,
			);
		};
/* End PBXProject section */

/* Begin PBXResourcesBuildPhase section */
		35874ED628F9EEDE00196FDB /* Resources */ = {
			isa = PBXResourcesBuildPhase;
			buildActionMask = 2147483647;
			files = (
				35874EE828F9EEE200196FDB /* LaunchScreen.storyboard in Resources */,
				350DB8ED28FEFBFE007977F9 /* GoogleService-Info.plist in Resources */,
				35874EE528F9EEE200196FDB /* Assets.xcassets in Resources */,
				35874EE328F9EEDE00196FDB /* Main.storyboard in Resources */,
			);
			runOnlyForDeploymentPostprocessing = 0;
		};
/* End PBXResourcesBuildPhase section */

/* Begin PBXSourcesBuildPhase section */
		35874ED428F9EEDE00196FDB /* Sources */ = {
			isa = PBXSourcesBuildPhase;
			buildActionMask = 2147483647;
			files = (
				357880A02901E4BE0063D5D8 /* UserService.swift in Sources */,
				35874EFE28F9F19300196FDB /* MessagingController.swift in Sources */,
				357880A92901FF950063D5D8 /* CaptionTextView.swift in Sources */,
				35874EFC28F9F18800196FDB /* NotificationsController.swift in Sources */,
				354B698F28FCAA9400C84CF1 /* Utilities.swift in Sources */,
				35874EDC28F9EEDE00196FDB /* AppDelegate.swift in Sources */,
				357880A72901F6480063D5D8 /* UploadTweetContoller.swift in Sources */,
				35874F0028F9FAB400196FDB /* Extensions.swift in Sources */,
				354B698D28FCA3FA00C84CF1 /* RegistrationViewController.swift in Sources */,
				35DEBD052900583800F47613 /* AuthService.swift in Sources */,
				35874EFA28F9F17A00196FDB /* ExploreController.swift in Sources */,
				35874EDE28F9EEDE00196FDB /* SceneDelegate.swift in Sources */,
				35874EF628F9F02B00196FDB /* MainTabController.swift in Sources */,
				354B698B28FCA38800C84CF1 /* LoginViewController.swift in Sources */,
				35874EF828F9F14400196FDB /* FeedController.swift in Sources */,
				357880A22901E8D00063D5D8 /* UserModel.swift in Sources */,
				3561EC0128FF091E00A132F6 /* Constants.swift in Sources */,
				357880AB290203590063D5D8 /* TweetService.swift in Sources */,
			);
			runOnlyForDeploymentPostprocessing = 0;
		};
/* End PBXSourcesBuildPhase section */

/* Begin PBXVariantGroup section */
		35874EE128F9EEDE00196FDB /* Main.storyboard */ = {
			isa = PBXVariantGroup;
			children = (
				35874EE228F9EEDE00196FDB /* Base */,
			);
			name = Main.storyboard;
			sourceTree = "<group>";
		};
		35874EE628F9EEE200196FDB /* LaunchScreen.storyboard */ = {
			isa = PBXVariantGroup;
			children = (
				35874EE728F9EEE200196FDB /* Base */,
			);
			name = LaunchScreen.storyboard;
			sourceTree = "<group>";
		};
/* End PBXVariantGroup section */

/* Begin XCBuildConfiguration section */
		35874EEA28F9EEE200196FDB /* Debug */ = {
			isa = XCBuildConfiguration;
			buildSettings = {
				ALWAYS_SEARCH_USER_PATHS = NO;
				CLANG_ANALYZER_NONNULL = YES;
				CLANG_ANALYZER_NUMBER_OBJECT_CONVERSION = YES_AGGRESSIVE;
				CLANG_CXX_LANGUAGE_STANDARD = "gnu++17";
				CLANG_CXX_LIBRARY = "libc++";
				CLANG_ENABLE_MODULES = YES;
				CLANG_ENABLE_OBJC_ARC = YES;
				CLANG_ENABLE_OBJC_WEAK = YES;
				CLANG_WARN_BLOCK_CAPTURE_AUTORELEASING = YES;
				CLANG_WARN_BOOL_CONVERSION = YES;
				CLANG_WARN_COMMA = YES;
				CLANG_WARN_CONSTANT_CONVERSION = YES;
				CLANG_WARN_DEPRECATED_OBJC_IMPLEMENTATIONS = YES;
				CLANG_WARN_DIRECT_OBJC_ISA_USAGE = YES_ERROR;
				CLANG_WARN_DOCUMENTATION_COMMENTS = YES;
				CLANG_WARN_EMPTY_BODY = YES;
				CLANG_WARN_ENUM_CONVERSION = YES;
				CLANG_WARN_INFINITE_RECURSION = YES;
				CLANG_WARN_INT_CONVERSION = YES;
				CLANG_WARN_NON_LITERAL_NULL_CONVERSION = YES;
				CLANG_WARN_OBJC_IMPLICIT_RETAIN_SELF = YES;
				CLANG_WARN_OBJC_LITERAL_CONVERSION = YES;
				CLANG_WARN_OBJC_ROOT_CLASS = YES_ERROR;
				CLANG_WARN_QUOTED_INCLUDE_IN_FRAMEWORK_HEADER = YES;
				CLANG_WARN_RANGE_LOOP_ANALYSIS = YES;
				CLANG_WARN_STRICT_PROTOTYPES = YES;
				CLANG_WARN_SUSPICIOUS_MOVE = YES;
				CLANG_WARN_UNGUARDED_AVAILABILITY = YES_AGGRESSIVE;
				CLANG_WARN_UNREACHABLE_CODE = YES;
				CLANG_WARN__DUPLICATE_METHOD_MATCH = YES;
				COPY_PHASE_STRIP = NO;
				DEBUG_INFORMATION_FORMAT = dwarf;
				ENABLE_STRICT_OBJC_MSGSEND = YES;
				ENABLE_TESTABILITY = YES;
				GCC_C_LANGUAGE_STANDARD = gnu11;
				GCC_DYNAMIC_NO_PIC = NO;
				GCC_NO_COMMON_BLOCKS = YES;
				GCC_OPTIMIZATION_LEVEL = 0;
				GCC_PREPROCESSOR_DEFINITIONS = (
					"DEBUG=1",
					"$(inherited)",
				);
				GCC_WARN_64_TO_32_BIT_CONVERSION = YES;
				GCC_WARN_ABOUT_RETURN_TYPE = YES_ERROR;
				GCC_WARN_UNDECLARED_SELECTOR = YES;
				GCC_WARN_UNINITIALIZED_AUTOS = YES_AGGRESSIVE;
				GCC_WARN_UNUSED_FUNCTION = YES;
				GCC_WARN_UNUSED_VARIABLE = YES;
				IPHONEOS_DEPLOYMENT_TARGET = 15.0;
				MTL_ENABLE_DEBUG_INFO = INCLUDE_SOURCE;
				MTL_FAST_MATH = YES;
				ONLY_ACTIVE_ARCH = YES;
				SDKROOT = iphoneos;
				SWIFT_ACTIVE_COMPILATION_CONDITIONS = DEBUG;
				SWIFT_OPTIMIZATION_LEVEL = "-Onone";
			};
			name = Debug;
		};
		35874EEB28F9EEE200196FDB /* Release */ = {
			isa = XCBuildConfiguration;
			buildSettings = {
				ALWAYS_SEARCH_USER_PATHS = NO;
				CLANG_ANALYZER_NONNULL = YES;
				CLANG_ANALYZER_NUMBER_OBJECT_CONVERSION = YES_AGGRESSIVE;
				CLANG_CXX_LANGUAGE_STANDARD = "gnu++17";
				CLANG_CXX_LIBRARY = "libc++";
				CLANG_ENABLE_MODULES = YES;
				CLANG_ENABLE_OBJC_ARC = YES;
				CLANG_ENABLE_OBJC_WEAK = YES;
				CLANG_WARN_BLOCK_CAPTURE_AUTORELEASING = YES;
				CLANG_WARN_BOOL_CONVERSION = YES;
				CLANG_WARN_COMMA = YES;
				CLANG_WARN_CONSTANT_CONVERSION = YES;
				CLANG_WARN_DEPRECATED_OBJC_IMPLEMENTATIONS = YES;
				CLANG_WARN_DIRECT_OBJC_ISA_USAGE = YES_ERROR;
				CLANG_WARN_DOCUMENTATION_COMMENTS = YES;
				CLANG_WARN_EMPTY_BODY = YES;
				CLANG_WARN_ENUM_CONVERSION = YES;
				CLANG_WARN_INFINITE_RECURSION = YES;
				CLANG_WARN_INT_CONVERSION = YES;
				CLANG_WARN_NON_LITERAL_NULL_CONVERSION = YES;
				CLANG_WARN_OBJC_IMPLICIT_RETAIN_SELF = YES;
				CLANG_WARN_OBJC_LITERAL_CONVERSION = YES;
				CLANG_WARN_OBJC_ROOT_CLASS = YES_ERROR;
				CLANG_WARN_QUOTED_INCLUDE_IN_FRAMEWORK_HEADER = YES;
				CLANG_WARN_RANGE_LOOP_ANALYSIS = YES;
				CLANG_WARN_STRICT_PROTOTYPES = YES;
				CLANG_WARN_SUSPICIOUS_MOVE = YES;
				CLANG_WARN_UNGUARDED_AVAILABILITY = YES_AGGRESSIVE;
				CLANG_WARN_UNREACHABLE_CODE = YES;
				CLANG_WARN__DUPLICATE_METHOD_MATCH = YES;
				COPY_PHASE_STRIP = NO;
				DEBUG_INFORMATION_FORMAT = "dwarf-with-dsym";
				ENABLE_NS_ASSERTIONS = NO;
				ENABLE_STRICT_OBJC_MSGSEND = YES;
				GCC_C_LANGUAGE_STANDARD = gnu11;
				GCC_NO_COMMON_BLOCKS = YES;
				GCC_WARN_64_TO_32_BIT_CONVERSION = YES;
				GCC_WARN_ABOUT_RETURN_TYPE = YES_ERROR;
				GCC_WARN_UNDECLARED_SELECTOR = YES;
				GCC_WARN_UNINITIALIZED_AUTOS = YES_AGGRESSIVE;
				GCC_WARN_UNUSED_FUNCTION = YES;
				GCC_WARN_UNUSED_VARIABLE = YES;
				IPHONEOS_DEPLOYMENT_TARGET = 15.0;
				MTL_ENABLE_DEBUG_INFO = NO;
				MTL_FAST_MATH = YES;
				SDKROOT = iphoneos;
				SWIFT_COMPILATION_MODE = wholemodule;
				SWIFT_OPTIMIZATION_LEVEL = "-O";
				VALIDATE_PRODUCT = YES;
			};
			name = Release;
		};
		35874EED28F9EEE200196FDB /* Debug */ = {
			isa = XCBuildConfiguration;
			buildSettings = {
				ASSETCATALOG_COMPILER_APPICON_NAME = AppIcon;
				ASSETCATALOG_COMPILER_GLOBAL_ACCENT_COLOR_NAME = AccentColor;
				CODE_SIGN_STYLE = Automatic;
				CURRENT_PROJECT_VERSION = 1;
				DEVELOPMENT_TEAM = 9S2MZXD36G;
				GENERATE_INFOPLIST_FILE = YES;
				INFOPLIST_FILE = "TwitterClone UIKit/Info.plist";
				INFOPLIST_KEY_UIApplicationSupportsIndirectInputEvents = YES;
				INFOPLIST_KEY_UILaunchStoryboardName = LaunchScreen;
				INFOPLIST_KEY_UIMainStoryboardFile = Main;
				INFOPLIST_KEY_UISupportedInterfaceOrientations_iPad = "UIInterfaceOrientationPortrait UIInterfaceOrientationPortraitUpsideDown UIInterfaceOrientationLandscapeLeft UIInterfaceOrientationLandscapeRight";
				INFOPLIST_KEY_UISupportedInterfaceOrientations_iPhone = "UIInterfaceOrientationPortrait UIInterfaceOrientationLandscapeLeft UIInterfaceOrientationLandscapeRight";
				IPHONEOS_DEPLOYMENT_TARGET = 14.0;
				LD_RUNPATH_SEARCH_PATHS = (
					"$(inherited)",
					"@executable_path/Frameworks",
				);
				MARKETING_VERSION = 1.0;
				PRODUCT_BUNDLE_IDENTIFIER = "com.MKM.TwitterClone-UIKit";
				PRODUCT_NAME = "$(TARGET_NAME)";
				SWIFT_EMIT_LOC_STRINGS = YES;
				SWIFT_VERSION = 5.0;
				TARGETED_DEVICE_FAMILY = 1;
			};
			name = Debug;
		};
		35874EEE28F9EEE200196FDB /* Release */ = {
			isa = XCBuildConfiguration;
			buildSettings = {
				ASSETCATALOG_COMPILER_APPICON_NAME = AppIcon;
				ASSETCATALOG_COMPILER_GLOBAL_ACCENT_COLOR_NAME = AccentColor;
				CODE_SIGN_STYLE = Automatic;
				CURRENT_PROJECT_VERSION = 1;
				DEVELOPMENT_TEAM = 9S2MZXD36G;
				GENERATE_INFOPLIST_FILE = YES;
				INFOPLIST_FILE = "TwitterClone UIKit/Info.plist";
				INFOPLIST_KEY_UIApplicationSupportsIndirectInputEvents = YES;
				INFOPLIST_KEY_UILaunchStoryboardName = LaunchScreen;
				INFOPLIST_KEY_UIMainStoryboardFile = Main;
				INFOPLIST_KEY_UISupportedInterfaceOrientations_iPad = "UIInterfaceOrientationPortrait UIInterfaceOrientationPortraitUpsideDown UIInterfaceOrientationLandscapeLeft UIInterfaceOrientationLandscapeRight";
				INFOPLIST_KEY_UISupportedInterfaceOrientations_iPhone = "UIInterfaceOrientationPortrait UIInterfaceOrientationLandscapeLeft UIInterfaceOrientationLandscapeRight";
				IPHONEOS_DEPLOYMENT_TARGET = 14.0;
				LD_RUNPATH_SEARCH_PATHS = (
					"$(inherited)",
					"@executable_path/Frameworks",
				);
				MARKETING_VERSION = 1.0;
				PRODUCT_BUNDLE_IDENTIFIER = "com.MKM.TwitterClone-UIKit";
				PRODUCT_NAME = "$(TARGET_NAME)";
				SWIFT_EMIT_LOC_STRINGS = YES;
				SWIFT_VERSION = 5.0;
				TARGETED_DEVICE_FAMILY = 1;
			};
			name = Release;
		};
/* End XCBuildConfiguration section */

/* Begin XCConfigurationList section */
		35874ED328F9EEDE00196FDB /* Build configuration list for PBXProject "TwitterClone UIKit" */ = {
			isa = XCConfigurationList;
			buildConfigurations = (
				35874EEA28F9EEE200196FDB /* Debug */,
				35874EEB28F9EEE200196FDB /* Release */,
			);
			defaultConfigurationIsVisible = 0;
			defaultConfigurationName = Release;
		};
		35874EEC28F9EEE200196FDB /* Build configuration list for PBXNativeTarget "TwitterClone UIKit" */ = {
			isa = XCConfigurationList;
			buildConfigurations = (
				35874EED28F9EEE200196FDB /* Debug */,
				35874EEE28F9EEE200196FDB /* Release */,
			);
			defaultConfigurationIsVisible = 0;
			defaultConfigurationName = Release;
		};
/* End XCConfigurationList section */

/* Begin XCRemoteSwiftPackageReference section */
		3561EBF528FF006900A132F6 /* XCRemoteSwiftPackageReference "firebase-ios-sdk" */ = {
			isa = XCRemoteSwiftPackageReference;
			repositoryURL = "https://github.com/firebase/firebase-ios-sdk";
			requirement = {
				kind = upToNextMajorVersion;
				minimumVersion = 8.0.0;
			};
		};
		357880A32901EC690063D5D8 /* XCRemoteSwiftPackageReference "SDWebImage" */ = {
			isa = XCRemoteSwiftPackageReference;
			repositoryURL = "https://github.com/SDWebImage/SDWebImage";
			requirement = {
				kind = upToNextMajorVersion;
				minimumVersion = 5.0.0;
			};
		};
/* End XCRemoteSwiftPackageReference section */

/* Begin XCSwiftPackageProductDependency section */
		3561EBF628FF006900A132F6 /* FirebaseAuth */ = {
			isa = XCSwiftPackageProductDependency;
			package = 3561EBF528FF006900A132F6 /* XCRemoteSwiftPackageReference "firebase-ios-sdk" */;
			productName = FirebaseAuth;
		};
		3561EBF828FF006900A132F6 /* FirebaseDatabase */ = {
			isa = XCSwiftPackageProductDependency;
			package = 3561EBF528FF006900A132F6 /* XCRemoteSwiftPackageReference "firebase-ios-sdk" */;
			productName = FirebaseDatabase;
		};
		3561EBFA28FF006900A132F6 /* FirebaseFirestore */ = {
			isa = XCSwiftPackageProductDependency;
			package = 3561EBF528FF006900A132F6 /* XCRemoteSwiftPackageReference "firebase-ios-sdk" */;
			productName = FirebaseFirestore;
		};
		3561EBFC28FF006900A132F6 /* FirebaseStorage */ = {
			isa = XCSwiftPackageProductDependency;
			package = 3561EBF528FF006900A132F6 /* XCRemoteSwiftPackageReference "firebase-ios-sdk" */;
			productName = FirebaseStorage;
		};
		3561EBFE28FF006900A132F6 /* FirebaseStorageSwift-Beta */ = {
			isa = XCSwiftPackageProductDependency;
			package = 3561EBF528FF006900A132F6 /* XCRemoteSwiftPackageReference "firebase-ios-sdk" */;
			productName = "FirebaseStorageSwift-Beta";
		};
		357880A42901EC6A0063D5D8 /* SDWebImage */ = {
			isa = XCSwiftPackageProductDependency;
			package = 357880A32901EC690063D5D8 /* XCRemoteSwiftPackageReference "SDWebImage" */;
			productName = SDWebImage;
		};
/* End XCSwiftPackageProductDependency section */
	};
	rootObject = 35874ED028F9EEDE00196FDB /* Project object */;
}
